
Microsoft Visual Studio Solution File, Format Version 12.00
Project("{FAE04EC0-301F-11D3-BF4B-00C04F79EFBC}") = "WireguardConfigGenerator", "WireguardConfigGenerator.csproj", "{8B9335B6-EB55-4292-A99E-292A2B573957}"
EndProject
Global
	GlobalSection(SolutionConfigurationPlatforms) = preSolution
		Debug|Any CPU = Debug|Any CPU
		Release|Any CPU = Release|Any CPU
	EndGlobalSection
	GlobalSection(ProjectConfigurationPlatforms) = postSolution
		{8B9335B6-EB55-4292-A99E-292A2B573957}.Debug|Any CPU.ActiveCfg = Debug|Any CPU
		{8B9335B6-EB55-4292-A99E-292A2B573957}.Debug|Any CPU.Build.0 = Debug|Any CPU
		{8B9335B6-EB55-4292-A99E-292A2B573957}.Release|Any CPU.ActiveCfg = Release|Any CPU
		{8B9335B6-EB55-4292-A99E-292A2B573957}.Release|Any CPU.Build.0 = Release|Any CPU
	EndGlobalSection
EndGlobal
